
Microsoft Visual Studio Solution File, Format Version 12.00
# Visual Studio 15
VisualStudioVersion = 15.0.27428.2015
MinimumVisualStudioVersion = 10.0.40219.1
Project("{9A19103F-16F7-4668-BE54-9A1E7A4F7556}") = "IdentityServerQuickStart.IdentityServer", "IdentityServerQuickStart.IdentityServer\IdentityServerQuickStart.IdentityServer.csproj", "{9EAD2F95-E131-42BB-BA3C-81E817A13A8F}"
EndProject
Project("{FAE04EC0-301F-11D3-BF4B-00C04F79EFBC}") = "IdentityServerQuickStart.Api", "IdentityServerQuickStart.Api\IdentityServerQuickStart.Api.csproj", "{2B1E215E-5240-471D-8BA1-D253E1F26CF5}"
EndProject
Project("{FAE04EC0-301F-11D3-BF4B-00C04F79EFBC}") = "IdentityServerQuickStart.Client", "IdentityServerQuickStart.Client\IdentityServerQuickStart.Client.csproj", "{CE74ECB0-44D4-491A-9C92-2BEA5E0B35EB}"
EndProject
Project("{FAE04EC0-301F-11D3-BF4B-00C04F79EFBC}") = "IdentityServerQuickStart.WebClient", "IdentityServerQuickStart.WebClient\IdentityServerQuickStart.WebClient.csproj", "{D2DEC164-3F2F-4B7D-BF8A-277321DF3E9D}"
EndProject
Global
	GlobalSection(SolutionConfigurationPlatforms) = preSolution
		Debug|Any CPU = Debug|Any CPU
		Release|Any CPU = Release|Any CPU
	EndGlobalSection
	GlobalSection(ProjectConfigurationPlatforms) = postSolution
		{9EAD2F95-E131-42BB-BA3C-81E817A13A8F}.Debug|Any CPU.ActiveCfg = Debug|Any CPU
		{9EAD2F95-E131-42BB-BA3C-81E817A13A8F}.Debug|Any CPU.Build.0 = Debug|Any CPU
		{9EAD2F95-E131-42BB-BA3C-81E817A13A8F}.Release|Any CPU.ActiveCfg = Release|Any CPU
		{9EAD2F95-E131-42BB-BA3C-81E817A13A8F}.Release|Any CPU.Build.0 = Release|Any CPU
		{2B1E215E-5240-471D-8BA1-D253E1F26CF5}.Debug|Any CPU.ActiveCfg = Debug|Any CPU
		{2B1E215E-5240-471D-8BA1-D253E1F26CF5}.Debug|Any CPU.Build.0 = Debug|Any CPU
		{2B1E215E-5240-471D-8BA1-D253E1F26CF5}.Release|Any CPU.ActiveCfg = Release|Any CPU
		{2B1E215E-5240-471D-8BA1-D253E1F26CF5}.Release|Any CPU.Build.0 = Release|Any CPU
		{CE74ECB0-44D4-491A-9C92-2BEA5E0B35EB}.Debug|Any CPU.ActiveCfg = Debug|Any CPU
		{CE74ECB0-44D4-491A-9C92-2BEA5E0B35EB}.Debug|Any CPU.Build.0 = Debug|Any CPU
		{CE74ECB0-44D4-491A-9C92-2BEA5E0B35EB}.Release|Any CPU.ActiveCfg = Release|Any CPU
		{CE74ECB0-44D4-491A-9C92-2BEA5E0B35EB}.Release|Any CPU.Build.0 = Release|Any CPU
		{D2DEC164-3F2F-4B7D-BF8A-277321DF3E9D}.Debug|Any CPU.ActiveCfg = Debug|Any CPU
		{D2DEC164-3F2F-4B7D-BF8A-277321DF3E9D}.Debug|Any CPU.Build.0 = Debug|Any CPU
		{D2DEC164-3F2F-4B7D-BF8A-277321DF3E9D}.Release|Any CPU.ActiveCfg = Release|Any CPU
		{D2DEC164-3F2F-4B7D-BF8A-277321DF3E9D}.Release|Any CPU.Build.0 = Release|Any CPU
	EndGlobalSection
	GlobalSection(SolutionProperties) = preSolution
		HideSolutionNode = FALSE
	EndGlobalSection
	GlobalSection(ExtensibilityGlobals) = postSolution
		SolutionGuid = {30ACE013-742E-4029-B356-DFD2E98509BB}
	EndGlobalSection
EndGlobal
